// See https://aka.ms/new-console-template for more information




class tempchange
{
    static void Main(string[] args)
    {
        bool continueConversion = true;

        while (continueConversion)
        {
            Console.WriteLine("Choose the temperature scale to convert from:");
            Console.WriteLine("1. Celsius");
            Console.WriteLine("2. Fahrenheit");
            Console.Write("Enter your choice: ");
            int choice = int.Parse(Console.ReadLine());

            double temperature1;
            double temperature2;
            string scaleFrom, scaleTo;

            if (choice == 1)
            {
                scaleFrom = "Celsius";
                scaleTo = "Fahrenheit";

                Console.Write("Enter the temperature in Celsius: ");
                temperature1 = double.Parse(Console.ReadLine());
                temperature2 = CelsiusToFahrenheit(temperature1);
            }
            else
            {
                scaleFrom = "Fahrenheit";
                scaleTo = "Celsius";

                Console.Write("Enter the temperature in Fahrenheit: ");
                temperature1 = double.Parse(Console.ReadLine());
                temperature2 = FahrenheitToCelsius(temperature1);
            }

            Console.WriteLine($"{temperature1}{scaleFrom} is equal to {temperature2}{scaleTo}.");

            Console.Write("Do you want to convert another temperature? (Y/N): ");
            string input = Console.ReadLine().ToUpper();
            continueConversion = input == "Y";
        }

        Console.WriteLine("Thank you for using the temperature converter!");
    }

    static double CelsiusToFahrenheit(double celsius)
    {
        return celsius * 9 / 5 + 32;
    }

    static double FahrenheitToCelsius(double fahrenheit)
    {
        return (fahrenheit - 32) * 5 / 9;
    }
}

